// !$*UTF8*$!
{
	archiveVersion = 1;
	classes = {
	};
	objectVersion = 56;
	objects = {

/* Begin PBXBuildFile section */
		EB1D06ED2A3AA914004C5DE3 /* AppDelegate.swift in Sources */ = {isa = PBXBuildFile; fileRef = EB1D06EC2A3AA914004C5DE3 /* AppDelegate.swift */; };
		EB1D06EF2A3AA914004C5DE3 /* SceneDelegate.swift in Sources */ = {isa = PBXBuildFile; fileRef = EB1D06EE2A3AA914004C5DE3 /* SceneDelegate.swift */; };
		EB1D06F42A3AA914004C5DE3 /* Main.storyboard in Resources */ = {isa = PBXBuildFile; fileRef = EB1D06F22A3AA914004C5DE3 /* Main.storyboard */; };
		EB1D06F62A3AA916004C5DE3 /* Assets.xcassets in Resources */ = {isa = PBXBuildFile; fileRef = EB1D06F52A3AA916004C5DE3 /* Assets.xcassets */; };
		EB1D06F92A3AA916004C5DE3 /* LaunchScreen.storyboard in Resources */ = {isa = PBXBuildFile; fileRef = EB1D06F72A3AA916004C5DE3 /* LaunchScreen.storyboard */; };
		EB1D07032A3AA9E9004C5DE3 /* DisneyCharacter.swift in Sources */ = {isa = PBXBuildFile; fileRef = EB1D07022A3AA9E9004C5DE3 /* DisneyCharacter.swift */; };
		EB1D07062A3AAA1C004C5DE3 /* DisneyCharacterTableViewController.swift in Sources */ = {isa = PBXBuildFile; fileRef = EB1D07052A3AAA1C004C5DE3 /* DisneyCharacterTableViewController.swift */; };
		EB1D07092A3AAA44004C5DE3 /* NetworkController.swift in Sources */ = {isa = PBXBuildFile; fileRef = EB1D07082A3AAA44004C5DE3 /* NetworkController.swift */; };
/* End PBXBuildFile section */

/* Begin PBXFileReference section */
		EB1D06E92A3AA914004C5DE3 /* DisneyJSONSerialization.app */ = {isa = PBXFileReference; explicitFileType = wrapper.application; includeInIndex = 0; path = DisneyJSONSerialization.app; sourceTree = BUILT_PRODUCTS_DIR; };
		EB1D06EC2A3AA914004C5DE3 /* AppDelegate.swift */ = {isa = PBXFileReference; lastKnownFileType = sourcecode.swift; path = AppDelegate.swift; sourceTree = "<group>"; };
		EB1D06EE2A3AA914004C5DE3 /* SceneDelegate.swift */ = {isa = PBXFileReference; lastKnownFileType = sourcecode.swift; path = SceneDelegate.swift; sourceTree = "<group>"; };
		EB1D06F32A3AA914004C5DE3 /* Base */ = {isa = PBXFileReference; lastKnownFileType = file.storyboard; name = Base; path = Base.lproj/Main.storyboard; sourceTree = "<group>"; };
		EB1D06F52A3AA916004C5DE3 /* Assets.xcassets */ = {isa = PBXFileReference; lastKnownFileType = folder.assetcatalog; path = Assets.xcassets; sourceTree = "<group>"; };
		EB1D06F82A3AA916004C5DE3 /* Base */ = {isa = PBXFileReference; lastKnownFileType = file.storyboard; name = Base; path = Base.lproj/LaunchScreen.storyboard; sourceTree = "<group>"; };
		EB1D06FA2A3AA916004C5DE3 /* Info.plist */ = {isa = PBXFileReference; lastKnownFileType = text.plist.xml; path = Info.plist; sourceTree = "<group>"; };
		EB1D07022A3AA9E9004C5DE3 /* DisneyCharacter.swift */ = {isa = PBXFileReference; lastKnownFileType = sourcecode.swift; path = DisneyCharacter.swift; sourceTree = "<group>"; };
		EB1D07052A3AAA1C004C5DE3 /* DisneyCharacterTableViewController.swift */ = {isa = PBXFileReference; lastKnownFileType = sourcecode.swift; path = DisneyCharacterTableViewController.swift; sourceTree = "<group>"; };
		EB1D07082A3AAA44004C5DE3 /* NetworkController.swift */ = {isa = PBXFileReference; lastKnownFileType = sourcecode.swift; path = NetworkController.swift; sourceTree = "<group>"; };
/* End PBXFileReference section */

/* Begin PBXFrameworksBuildPhase section */
		EB1D06E62A3AA914004C5DE3 /* Frameworks */ = {
			isa = PBXFrameworksBuildPhase;
			buildActionMask = 2147483647;
			files = (
			);
			runOnlyForDeploymentPostprocessing = 0;
		};
/* End PBXFrameworksBuildPhase section */

/* Begin PBXGroup section */
		EB1D06E02A3AA914004C5DE3 = {
			isa = PBXGroup;
			children = (
				EB1D06EB2A3AA914004C5DE3 /* DisneyJSONSerialization */,
				EB1D06EA2A3AA914004C5DE3 /* Products */,
			);
			sourceTree = "<group>";
		};
		EB1D06EA2A3AA914004C5DE3 /* Products */ = {
			isa = PBXGroup;
			children = (
				EB1D06E92A3AA914004C5DE3 /* DisneyJSONSerialization.app */,
			);
			name = Products;
			sourceTree = "<group>";
		};
		EB1D06EB2A3AA914004C5DE3 /* DisneyJSONSerialization */ = {
			isa = PBXGroup;
			children = (
				EB1D07012A3AA9CA004C5DE3 /* Storyboards */,
				EB1D07042A3AAA00004C5DE3 /* Model */,
				EB1D07072A3AAA31004C5DE3 /* Controllers */,
				EB1D07002A3AA937004C5DE3 /* Resources */,
			);
			path = DisneyJSONSerialization;
			sourceTree = "<group>";
		};
		EB1D07002A3AA937004C5DE3 /* Resources */ = {
			isa = PBXGroup;
			children = (
				EB1D06EC2A3AA914004C5DE3 /* AppDelegate.swift */,
				EB1D06EE2A3AA914004C5DE3 /* SceneDelegate.swift */,
				EB1D06F52A3AA916004C5DE3 /* Assets.xcassets */,
				EB1D06FA2A3AA916004C5DE3 /* Info.plist */,
			);
			path = Resources;
			sourceTree = "<group>";
		};
		EB1D07012A3AA9CA004C5DE3 /* Storyboards */ = {
			isa = PBXGroup;
			children = (
				EB1D06F22A3AA914004C5DE3 /* Main.storyboard */,
				EB1D06F72A3AA916004C5DE3 /* LaunchScreen.storyboard */,
			);
			path = Storyboards;
			sourceTree = "<group>";
		};
		EB1D07042A3AAA00004C5DE3 /* Model */ = {
			isa = PBXGroup;
			children = (
				EB1D07022A3AA9E9004C5DE3 /* DisneyCharacter.swift */,
			);
			path = Model;
			sourceTree = "<group>";
		};
		EB1D07072A3AAA31004C5DE3 /* Controllers */ = {
			isa = PBXGroup;
			children = (
				EB1D07052A3AAA1C004C5DE3 /* DisneyCharacterTableViewController.swift */,
				EB1D07082A3AAA44004C5DE3 /* NetworkController.swift */,
			);
			path = Controllers;
			sourceTree = "<group>";
		};
/* End PBXGroup section */

/* Begin PBXNativeTarget section */
		EB1D06E82A3AA914004C5DE3 /* DisneyJSONSerialization */ = {
			isa = PBXNativeTarget;
			buildConfigurationList = EB1D06FD2A3AA916004C5DE3 /* Build configuration list for PBXNativeTarget "DisneyJSONSerialization" */;
			buildPhases = (
				EB1D06E52A3AA914004C5DE3 /* Sources */,
				EB1D06E62A3AA914004C5DE3 /* Frameworks */,
				EB1D06E72A3AA914004C5DE3 /* Resources */,
			);
			buildRules = (
			);
			dependencies = (
			);
			name = DisneyJSONSerialization;
			productName = DisneyJSONSerialization;
			productReference = EB1D06E92A3AA914004C5DE3 /* DisneyJSONSerialization.app */;
			productType = "com.apple.product-type.application";
		};
/* End PBXNativeTarget section */

/* Begin PBXProject section */
		EB1D06E12A3AA914004C5DE3 /* Project object */ = {
			isa = PBXProject;
			attributes = {
				BuildIndependentTargetsInParallel = 1;
				LastSwiftUpdateCheck = 1420;
				LastUpgradeCheck = 1420;
				TargetAttributes = {
					EB1D06E82A3AA914004C5DE3 = {
						CreatedOnToolsVersion = 14.2;
					};
				};
			};
			buildConfigurationList = EB1D06E42A3AA914004C5DE3 /* Build configuration list for PBXProject "DisneyJSONSerialization" */;
			compatibilityVersion = "Xcode 14.0";
			developmentRegion = en;
			hasScannedForEncodings = 0;
			knownRegions = (
				en,
				Base,
			);
			mainGroup = EB1D06E02A3AA914004C5DE3;
			productRefGroup = EB1D06EA2A3AA914004C5DE3 /* Products */;
			projectDirPath = "";
			projectRoot = "";
			targets = (
				EB1D06E82A3AA914004C5DE3 /* DisneyJSONSerialization */,
			);
		};
/* End PBXProject section */

/* Begin PBXResourcesBuildPhase section */
		EB1D06E72A3AA914004C5DE3 /* Resources */ = {
			isa = PBXResourcesBuildPhase;
			buildActionMask = 2147483647;
			files = (
				EB1D06F92A3AA916004C5DE3 /* LaunchScreen.storyboard in Resources */,
				EB1D06F62A3AA916004C5DE3 /* Assets.xcassets in Resources */,
				EB1D06F42A3AA914004C5DE3 /* Main.storyboard in Resources */,
			);
			runOnlyForDeploymentPostprocessing = 0;
		};
/* End PBXResourcesBuildPhase section */

/* Begin PBXSourcesBuildPhase section */
		EB1D06E52A3AA914004C5DE3 /* Sources */ = {
			isa = PBXSourcesBuildPhase;
			buildActionMask = 2147483647;
			files = (
				EB1D07092A3AAA44004C5DE3 /* NetworkController.swift in Sources */,
				EB1D07032A3AA9E9004C5DE3 /* DisneyCharacter.swift in Sources */,
				EB1D06ED2A3AA914004C5DE3 /* AppDelegate.swift in Sources */,
				EB1D06EF2A3AA914004C5DE3 /* SceneDelegate.swift in Sources */,
				EB1D07062A3AAA1C004C5DE3 /* DisneyCharacterTableViewController.swift in Sources */,
			);
			runOnlyForDeploymentPostprocessing = 0;
		};
/* End PBXSourcesBuildPhase section */

/* Begin PBXVariantGroup section */
		EB1D06F22A3AA914004C5DE3 /* Main.storyboard */ = {
			isa = PBXVariantGroup;
			children = (
				EB1D06F32A3AA914004C5DE3 /* Base */,
			);
			name = Main.storyboard;
			sourceTree = "<group>";
		};
		EB1D06F72A3AA916004C5DE3 /* LaunchScreen.storyboard */ = {
			isa = PBXVariantGroup;
			children = (
				EB1D06F82A3AA916004C5DE3 /* Base */,
			);
			name = LaunchScreen.storyboard;
			sourceTree = "<group>";
		};
/* End PBXVariantGroup section */

/* Begin XCBuildConfiguration section */
		EB1D06FB2A3AA916004C5DE3 /* Debug */ = {
			isa = XCBuildConfiguration;
			buildSettings = {
				ALWAYS_SEARCH_USER_PATHS = NO;
				CLANG_ANALYZER_NONNULL = YES;
				CLANG_ANALYZER_NUMBER_OBJECT_CONVERSION = YES_AGGRESSIVE;
				CLANG_CXX_LANGUAGE_STANDARD = "gnu++20";
				CLANG_ENABLE_MODULES = YES;
				CLANG_ENABLE_OBJC_ARC = YES;
				CLANG_ENABLE_OBJC_WEAK = YES;
				CLANG_WARN_BLOCK_CAPTURE_AUTORELEASING = YES;
				CLANG_WARN_BOOL_CONVERSION = YES;
				CLANG_WARN_COMMA = YES;
				CLANG_WARN_CONSTANT_CONVERSION = YES;
				CLANG_WARN_DEPRECATED_OBJC_IMPLEMENTATIONS = YES;
				CLANG_WARN_DIRECT_OBJC_ISA_USAGE = YES_ERROR;
				CLANG_WARN_DOCUMENTATION_COMMENTS = YES;
				CLANG_WARN_EMPTY_BODY = YES;
				CLANG_WARN_ENUM_CONVERSION = YES;
				CLANG_WARN_INFINITE_RECURSION = YES;
				CLANG_WARN_INT_CONVERSION = YES;
				CLANG_WARN_NON_LITERAL_NULL_CONVERSION = YES;
				CLANG_WARN_OBJC_IMPLICIT_RETAIN_SELF = YES;
				CLANG_WARN_OBJC_LITERAL_CONVERSION = YES;
				CLANG_WARN_OBJC_ROOT_CLASS = YES_ERROR;
				CLANG_WARN_QUOTED_INCLUDE_IN_FRAMEWORK_HEADER = YES;
				CLANG_WARN_RANGE_LOOP_ANALYSIS = YES;
				CLANG_WARN_STRICT_PROTOTYPES = YES;
				CLANG_WARN_SUSPICIOUS_MOVE = YES;
				CLANG_WARN_UNGUARDED_AVAILABILITY = YES_AGGRESSIVE;
				CLANG_WARN_UNREACHABLE_CODE = YES;
				CLANG_WARN__DUPLICATE_METHOD_MATCH = YES;
				COPY_PHASE_STRIP = NO;
				DEBUG_INFORMATION_FORMAT = dwarf;
				ENABLE_STRICT_OBJC_MSGSEND = YES;
				ENABLE_TESTABILITY = YES;
				GCC_C_LANGUAGE_STANDARD = gnu11;
				GCC_DYNAMIC_NO_PIC = NO;
				GCC_NO_COMMON_BLOCKS = YES;
				GCC_OPTIMIZATION_LEVEL = 0;
				GCC_PREPROCESSOR_DEFINITIONS = (
					"DEBUG=1",
					"$(inherited)",
				);
				GCC_WARN_64_TO_32_BIT_CONVERSION = YES;
				GCC_WARN_ABOUT_RETURN_TYPE = YES_ERROR;
				GCC_WARN_UNDECLARED_SELECTOR = YES;
				GCC_WARN_UNINITIALIZED_AUTOS = YES_AGGRESSIVE;
				GCC_WARN_UNUSED_FUNCTION = YES;
				GCC_WARN_UNUSED_VARIABLE = YES;
				IPHONEOS_DEPLOYMENT_TARGET = 16.2;
				MTL_ENABLE_DEBUG_INFO = INCLUDE_SOURCE;
				MTL_FAST_MATH = YES;
				ONLY_ACTIVE_ARCH = YES;
				SDKROOT = iphoneos;
				SWIFT_ACTIVE_COMPILATION_CONDITIONS = DEBUG;
				SWIFT_OPTIMIZATION_LEVEL = "-Onone";
			};
			name = Debug;
		};
		EB1D06FC2A3AA916004C5DE3 /* Release */ = {
			isa = XCBuildConfiguration;
			buildSettings = {
				ALWAYS_SEARCH_USER_PATHS = NO;
				CLANG_ANALYZER_NONNULL = YES;
				CLANG_ANALYZER_NUMBER_OBJECT_CONVERSION = YES_AGGRESSIVE;
				CLANG_CXX_LANGUAGE_STANDARD = "gnu++20";
				CLANG_ENABLE_MODULES = YES;
				CLANG_ENABLE_OBJC_ARC = YES;
				CLANG_ENABLE_OBJC_WEAK = YES;
				CLANG_WARN_BLOCK_CAPTURE_AUTORELEASING = YES;
				CLANG_WARN_BOOL_CONVERSION = YES;
				CLANG_WARN_COMMA = YES;
				CLANG_WARN_CONSTANT_CONVERSION = YES;
				CLANG_WARN_DEPRECATED_OBJC_IMPLEMENTATIONS = YES;
				CLANG_WARN_DIRECT_OBJC_ISA_USAGE = YES_ERROR;
				CLANG_WARN_DOCUMENTATION_COMMENTS = YES;
				CLANG_WARN_EMPTY_BODY = YES;
				CLANG_WARN_ENUM_CONVERSION = YES;
				CLANG_WARN_INFINITE_RECURSION = YES;
				CLANG_WARN_INT_CONVERSION = YES;
				CLANG_WARN_NON_LITERAL_NULL_CONVERSION = YES;
				CLANG_WARN_OBJC_IMPLICIT_RETAIN_SELF = YES;
				CLANG_WARN_OBJC_LITERAL_CONVERSION = YES;
				CLANG_WARN_OBJC_ROOT_CLASS = YES_ERROR;
				CLANG_WARN_QUOTED_INCLUDE_IN_FRAMEWORK_HEADER = YES;
				CLANG_WARN_RANGE_LOOP_ANALYSIS = YES;
				CLANG_WARN_STRICT_PROTOTYPES = YES;
				CLANG_WARN_SUSPICIOUS_MOVE = YES;
				CLANG_WARN_UNGUARDED_AVAILABILITY = YES_AGGRESSIVE;
				CLANG_WARN_UNREACHABLE_CODE = YES;
				CLANG_WARN__DUPLICATE_METHOD_MATCH = YES;
				COPY_PHASE_STRIP = NO;
				DEBUG_INFORMATION_FORMAT = "dwarf-with-dsym";
				ENABLE_NS_ASSERTIONS = NO;
				ENABLE_STRICT_OBJC_MSGSEND = YES;
				GCC_C_LANGUAGE_STANDARD = gnu11;
				GCC_NO_COMMON_BLOCKS = YES;
				GCC_WARN_64_TO_32_BIT_CONVERSION = YES;
				GCC_WARN_ABOUT_RETURN_TYPE = YES_ERROR;
				GCC_WARN_UNDECLARED_SELECTOR = YES;
				GCC_WARN_UNINITIALIZED_AUTOS = YES_AGGRESSIVE;
				GCC_WARN_UNUSED_FUNCTION = YES;
				GCC_WARN_UNUSED_VARIABLE = YES;
				IPHONEOS_DEPLOYMENT_TARGET = 16.2;
				MTL_ENABLE_DEBUG_INFO = NO;
				MTL_FAST_MATH = YES;
				SDKROOT = iphoneos;
				SWIFT_COMPILATION_MODE = wholemodule;
				SWIFT_OPTIMIZATION_LEVEL = "-O";
				VALIDATE_PRODUCT = YES;
			};
			name = Release;
		};
		EB1D06FE2A3AA916004C5DE3 /* Debug */ = {
			isa = XCBuildConfiguration;
			buildSettings = {
				ASSETCATALOG_COMPILER_APPICON_NAME = AppIcon;
				ASSETCATALOG_COMPILER_GLOBAL_ACCENT_COLOR_NAME = AccentColor;
				CODE_SIGN_STYLE = Automatic;
				CURRENT_PROJECT_VERSION = 1;
				DEVELOPMENT_TEAM = 5989J6JMAW;
				GENERATE_INFOPLIST_FILE = YES;
				INFOPLIST_FILE = DisneyJSONSerialization/Resources/Info.plist;
				INFOPLIST_KEY_UIApplicationSupportsIndirectInputEvents = YES;
				INFOPLIST_KEY_UILaunchStoryboardName = LaunchScreen;
				INFOPLIST_KEY_UIMainStoryboardFile = Main;
				INFOPLIST_KEY_UISupportedInterfaceOrientations_iPad = "UIInterfaceOrientationPortrait UIInterfaceOrientationPortraitUpsideDown UIInterfaceOrientationLandscapeLeft UIInterfaceOrientationLandscapeRight";
				INFOPLIST_KEY_UISupportedInterfaceOrientations_iPhone = "UIInterfaceOrientationPortrait UIInterfaceOrientationLandscapeLeft UIInterfaceOrientationLandscapeRight";
				LD_RUNPATH_SEARCH_PATHS = (
					"$(inherited)",
					"@executable_path/Frameworks",
				);
				MARKETING_VERSION = 1.0;
				PRODUCT_BUNDLE_IDENTIFIER = com.hallsArchitecture.DisneyJSONSerialization;
				PRODUCT_NAME = "$(TARGET_NAME)";
				SWIFT_EMIT_LOC_STRINGS = YES;
				SWIFT_VERSION = 5.0;
				TARGETED_DEVICE_FAMILY = "1,2";
			};
			name = Debug;
		};
		EB1D06FF2A3AA916004C5DE3 /* Release */ = {
			isa = XCBuildConfiguration;
			buildSettings = {
				ASSETCATALOG_COMPILER_APPICON_NAME = AppIcon;
				ASSETCATALOG_COMPILER_GLOBAL_ACCENT_COLOR_NAME = AccentColor;
				CODE_SIGN_STYLE = Automatic;
				CURRENT_PROJECT_VERSION = 1;
				DEVELOPMENT_TEAM = 5989J6JMAW;
				GENERATE_INFOPLIST_FILE = YES;
				INFOPLIST_FILE = DisneyJSONSerialization/Resources/Info.plist;
				INFOPLIST_KEY_UIApplicationSupportsIndirectInputEvents = YES;
				INFOPLIST_KEY_UILaunchStoryboardName = LaunchScreen;
				INFOPLIST_KEY_UIMainStoryboardFile = Main;
				INFOPLIST_KEY_UISupportedInterfaceOrientations_iPad = "UIInterfaceOrientationPortrait UIInterfaceOrientationPortraitUpsideDown UIInterfaceOrientationLandscapeLeft UIInterfaceOrientationLandscapeRight";
				INFOPLIST_KEY_UISupportedInterfaceOrientations_iPhone = "UIInterfaceOrientationPortrait UIInterfaceOrientationLandscapeLeft UIInterfaceOrientationLandscapeRight";
				LD_RUNPATH_SEARCH_PATHS = (
					"$(inherited)",
					"@executable_path/Frameworks",
				);
				MARKETING_VERSION = 1.0;
				PRODUCT_BUNDLE_IDENTIFIER = com.hallsArchitecture.DisneyJSONSerialization;
				PRODUCT_NAME = "$(TARGET_NAME)";
				SWIFT_EMIT_LOC_STRINGS = YES;
				SWIFT_VERSION = 5.0;
				TARGETED_DEVICE_FAMILY = "1,2";
			};
			name = Release;
		};
/* End XCBuildConfiguration section */

/* Begin XCConfigurationList section */
		EB1D06E42A3AA914004C5DE3 /* Build configuration list for PBXProject "DisneyJSONSerialization" */ = {
			isa = XCConfigurationList;
			buildConfigurations = (
				EB1D06FB2A3AA916004C5DE3 /* Debug */,
				EB1D06FC2A3AA916004C5DE3 /* Release */,
			);
			defaultConfigurationIsVisible = 0;
			defaultConfigurationName = Release;
		};
		EB1D06FD2A3AA916004C5DE3 /* Build configuration list for PBXNativeTarget "DisneyJSONSerialization" */ = {
			isa = XCConfigurationList;
			buildConfigurations = (
				EB1D06FE2A3AA916004C5DE3 /* Debug */,
				EB1D06FF2A3AA916004C5DE3 /* Release */,
			);
			defaultConfigurationIsVisible = 0;
			defaultConfigurationName = Release;
		};
/* End XCConfigurationList section */
	};
	rootObject = EB1D06E12A3AA914004C5DE3 /* Project object */;
}
